
Microsoft Visual Studio Solution File, Format Version 12.00
# Visual Studio 15
VisualStudioVersion = 15.0.28010.2041
MinimumVisualStudioVersion = 10.0.40219.1
Project("{FAE04EC0-301F-11D3-BF4B-00C04F79EFBC}") = "GettingStarted.Android", "GettingStarted.Android\GettingStarted.Android.csproj", "{5320E432-A1CB-4B25-8953-314DE9D7A853}"
EndProject
Project("{FAE04EC0-301F-11D3-BF4B-00C04F79EFBC}") = "GettingStarted.iOS", "GettingStarted.iOS\GettingStarted.iOS.csproj", "{4147B6CC-81D8-4F33-AE21-433DB7DF9E87}"
EndProject
Project("{FAE04EC0-301F-11D3-BF4B-00C04F79EFBC}") = "GettingStarted.UWP", "GettingStarted.UWP\GettingStarted.UWP.csproj", "{0BBDC265-BEC6-45A7-BB4B-77F163068AD7}"
EndProject
Project("{FAE04EC0-301F-11D3-BF4B-00C04F79EFBC}") = "GettingStarted", "GettingStarted\GettingStarted.csproj", "{EF554D72-6B0E-4849-92FA-EDB9580EFCAF}"
EndProject
Global
	GlobalSection(SolutionConfigurationPlatforms) = preSolution
		Ad-Hoc|Any CPU = Ad-Hoc|Any CPU
		Ad-Hoc|ARM = Ad-Hoc|ARM
		Ad-Hoc|iPhone = Ad-Hoc|iPhone
		Ad-Hoc|iPhoneSimulator = Ad-Hoc|iPhoneSimulator
		Ad-Hoc|x64 = Ad-Hoc|x64
		Ad-Hoc|x86 = Ad-Hoc|x86
		AppStore|Any CPU = AppStore|Any CPU
		AppStore|ARM = AppStore|ARM
		AppStore|iPhone = AppStore|iPhone
		AppStore|iPhoneSimulator = AppStore|iPhoneSimulator
		AppStore|x64 = AppStore|x64
		AppStore|x86 = AppStore|x86
		Debug|Any CPU = Debug|Any CPU
		Debug|ARM = Debug|ARM
		Debug|iPhone = Debug|iPhone
		Debug|iPhoneSimulator = Debug|iPhoneSimulator
		Debug|x64 = Debug|x64
		Debug|x86 = Debug|x86
		Release|Any CPU = Release|Any CPU
		Release|ARM = Release|ARM
		Release|iPhone = Release|iPhone
		Release|iPhoneSimulator = Release|iPhoneSimulator
		Release|x64 = Release|x64
		Release|x86 = Release|x86
	EndGlobalSection
	GlobalSection(ProjectConfigurationPlatforms) = postSolution
		{5320E432-A1CB-4B25-8953-314DE9D7A853}.Ad-Hoc|Any CPU.ActiveCfg = Release|Any CPU
		{5320E432-A1CB-4B25-8953-314DE9D7A853}.Ad-Hoc|Any CPU.Build.0 = Release|Any CPU
		{5320E432-A1CB-4B25-8953-314DE9D7A853}.Ad-Hoc|Any CPU.Deploy.0 = Release|Any CPU
		{5320E432-A1CB-4B25-8953-314DE9D7A853}.Ad-Hoc|ARM.ActiveCfg = Release|Any CPU
		{5320E432-A1CB-4B25-8953-314DE9D7A853}.Ad-Hoc|ARM.Build.0 = Release|Any CPU
		{5320E432-A1CB-4B25-8953-314DE9D7A853}.Ad-Hoc|ARM.Deploy.0 = Release|Any CPU
		{5320E432-A1CB-4B25-8953-314DE9D7A853}.Ad-Hoc|iPhone.ActiveCfg = Release|Any CPU
		{5320E432-A1CB-4B25-8953-314DE9D7A853}.Ad-Hoc|iPhone.Build.0 = Release|Any CPU
		{5320E432-A1CB-4B25-8953-314DE9D7A853}.Ad-Hoc|iPhone.Deploy.0 = Release|Any CPU
		{5320E432-A1CB-4B25-8953-314DE9D7A853}.Ad-Hoc|iPhoneSimulator.ActiveCfg = Release|Any CPU
		{5320E432-A1CB-4B25-8953-314DE9D7A853}.Ad-Hoc|iPhoneSimulator.Build.0 = Release|Any CPU
		{5320E432-A1CB-4B25-8953-314DE9D7A853}.Ad-Hoc|iPhoneSimulator.Deploy.0 = Release|Any CPU
		{5320E432-A1CB-4B25-8953-314DE9D7A853}.Ad-Hoc|x64.ActiveCfg = Release|Any CPU
		{5320E432-A1CB-4B25-8953-314DE9D7A853}.Ad-Hoc|x64.Build.0 = Release|Any CPU
		{5320E432-A1CB-4B25-8953-314DE9D7A853}.Ad-Hoc|x64.Deploy.0 = Release|Any CPU
		{5320E432-A1CB-4B25-8953-314DE9D7A853}.Ad-Hoc|x86.ActiveCfg = Release|Any CPU
		{5320E432-A1CB-4B25-8953-314DE9D7A853}.Ad-Hoc|x86.Build.0 = Release|Any CPU
		{5320E432-A1CB-4B25-8953-314DE9D7A853}.Ad-Hoc|x86.Deploy.0 = Release|Any CPU
		{5320E432-A1CB-4B25-8953-314DE9D7A853}.AppStore|Any CPU.ActiveCfg = Release|Any CPU
		{5320E432-A1CB-4B25-8953-314DE9D7A853}.AppStore|Any CPU.Build.0 = Release|Any CPU
		{5320E432-A1CB-4B25-8953-314DE9D7A853}.AppStore|Any CPU.Deploy.0 = Release|Any CPU
		{5320E432-A1CB-4B25-8953-314DE9D7A853}.AppStore|ARM.ActiveCfg = Release|Any CPU
		{5320E432-A1CB-4B25-8953-314DE9D7A853}.AppStore|ARM.Build.0 = Release|Any CPU
		{5320E432-A1CB-4B25-8953-314DE9D7A853}.AppStore|ARM.Deploy.0 = Release|Any CPU
		{5320E432-A1CB-4B25-8953-314DE9D7A853}.AppStore|iPhone.ActiveCfg = Release|Any CPU
		{5320E432-A1CB-4B25-8953-314DE9D7A853}.AppStore|iPhone.Build.0 = Release|Any CPU
		{5320E432-A1CB-4B25-8953-314DE9D7A853}.AppStore|iPhone.Deploy.0 = Release|Any CPU
		{5320E432-A1CB-4B25-8953-314DE9D7A853}.AppStore|iPhoneSimulator.ActiveCfg = Release|Any CPU
		{5320E432-A1CB-4B25-8953-314DE9D7A853}.AppStore|iPhoneSimulator.Build.0 = Release|Any CPU
		{5320E432-A1CB-4B25-8953-314DE9D7A853}.AppStore|iPhoneSimulator.Deploy.0 = Release|Any CPU
		{5320E432-A1CB-4B25-8953-314DE9D7A853}.AppStore|x64.ActiveCfg = Release|Any CPU
		{5320E432-A1CB-4B25-8953-314DE9D7A853}.AppStore|x64.Build.0 = Release|Any CPU
		{5320E432-A1CB-4B25-8953-314DE9D7A853}.AppStore|x64.Deploy.0 = Release|Any CPU
		{5320E432-A1CB-4B25-8953-314DE9D7A853}.AppStore|x86.ActiveCfg = Release|Any CPU
		{5320E432-A1CB-4B25-8953-314DE9D7A853}.AppStore|x86.Build.0 = Release|Any CPU
		{5320E432-A1CB-4B25-8953-314DE9D7A853}.AppStore|x86.Deploy.0 = Release|Any CPU
		{5320E432-A1CB-4B25-8953-314DE9D7A853}.Debug|Any CPU.ActiveCfg = Debug|Any CPU
		{5320E432-A1CB-4B25-8953-314DE9D7A853}.Debug|Any CPU.Build.0 = Debug|Any CPU
		{5320E432-A1CB-4B25-8953-314DE9D7A853}.Debug|Any CPU.Deploy.0 = Debug|Any CPU
		{5320E432-A1CB-4B25-8953-314DE9D7A853}.Debug|ARM.ActiveCfg = Debug|Any CPU
		{5320E432-A1CB-4B25-8953-314DE9D7A853}.Debug|ARM.Build.0 = Debug|Any CPU
		{5320E432-A1CB-4B25-8953-314DE9D7A853}.Debug|ARM.Deploy.0 = Debug|Any CPU
		{5320E432-A1CB-4B25-8953-314DE9D7A853}.Debug|iPhone.ActiveCfg = Debug|Any CPU
		{5320E432-A1CB-4B25-8953-314DE9D7A853}.Debug|iPhone.Build.0 = Debug|Any CPU
		{5320E432-A1CB-4B25-8953-314DE9D7A853}.Debug|iPhone.Deploy.0 = Debug|Any CPU
		{5320E432-A1CB-4B25-8953-314DE9D7A853}.Debug|iPhoneSimulator.ActiveCfg = Debug|Any CPU
		{5320E432-A1CB-4B25-8953-314DE9D7A853}.Debug|iPhoneSimulator.Build.0 = Debug|Any CPU
		{5320E432-A1CB-4B25-8953-314DE9D7A853}.Debug|iPhoneSimulator.Deploy.0 = Debug|Any CPU
		{5320E432-A1CB-4B25-8953-314DE9D7A853}.Debug|x64.ActiveCfg = Debug|Any CPU
		{5320E432-A1CB-4B25-8953-314DE9D7A853}.Debug|x64.Build.0 = Debug|Any CPU
		{5320E432-A1CB-4B25-8953-314DE9D7A853}.Debug|x64.Deploy.0 = Debug|Any CPU
		{5320E432-A1CB-4B25-8953-314DE9D7A853}.Debug|x86.ActiveCfg = Debug|Any CPU
		{5320E432-A1CB-4B25-8953-314DE9D7A853}.Debug|x86.Build.0 = Debug|Any CPU
		{5320E432-A1CB-4B25-8953-314DE9D7A853}.Debug|x86.Deploy.0 = Debug|Any CPU
		{5320E432-A1CB-4B25-8953-314DE9D7A853}.Release|Any CPU.ActiveCfg = Release|Any CPU
		{5320E432-A1CB-4B25-8953-314DE9D7A853}.Release|Any CPU.Build.0 = Release|Any CPU
		{5320E432-A1CB-4B25-8953-314DE9D7A853}.Release|Any CPU.Deploy.0 = Release|Any CPU
		{5320E432-A1CB-4B25-8953-314DE9D7A853}.Release|ARM.ActiveCfg = Release|Any CPU
		{5320E432-A1CB-4B25-8953-314DE9D7A853}.Release|ARM.Build.0 = Release|Any CPU
		{5320E432-A1CB-4B25-8953-314DE9D7A853}.Release|ARM.Deploy.0 = Release|Any CPU
		{5320E432-A1CB-4B25-8953-314DE9D7A853}.Release|iPhone.ActiveCfg = Release|Any CPU
		{5320E432-A1CB-4B25-8953-314DE9D7A853}.Release|iPhone.Build.0 = Release|Any CPU
		{5320E432-A1CB-4B25-8953-314DE9D7A853}.Release|iPhone.Deploy.0 = Release|Any CPU
		{5320E432-A1CB-4B25-8953-314DE9D7A853}.Release|iPhoneSimulator.ActiveCfg = Release|Any CPU
		{5320E432-A1CB-4B25-8953-314DE9D7A853}.Release|iPhoneSimulator.Build.0 = Release|Any CPU
		{5320E432-A1CB-4B25-8953-314DE9D7A853}.Release|iPhoneSimulator.Deploy.0 = Release|Any CPU
		{5320E432-A1CB-4B25-8953-314DE9D7A853}.Release|x64.ActiveCfg = Release|Any CPU
		{5320E432-A1CB-4B25-8953-314DE9D7A853}.Release|x64.Build.0 = Release|Any CPU
		{5320E432-A1CB-4B25-8953-314DE9D7A853}.Release|x64.Deploy.0 = Release|Any CPU
		{5320E432-A1CB-4B25-8953-314DE9D7A853}.Release|x86.ActiveCfg = Release|Any CPU
		{5320E432-A1CB-4B25-8953-314DE9D7A853}.Release|x86.Build.0 = Release|Any CPU
		{5320E432-A1CB-4B25-8953-314DE9D7A853}.Release|x86.Deploy.0 = Release|Any CPU
		{4147B6CC-81D8-4F33-AE21-433DB7DF9E87}.Ad-Hoc|Any CPU.ActiveCfg = Ad-Hoc|iPhone
		{4147B6CC-81D8-4F33-AE21-433DB7DF9E87}.Ad-Hoc|Any CPU.Build.0 = Ad-Hoc|iPhone
		{4147B6CC-81D8-4F33-AE21-433DB7DF9E87}.Ad-Hoc|Any CPU.Deploy.0 = Ad-Hoc|iPhone
		{4147B6CC-81D8-4F33-AE21-433DB7DF9E87}.Ad-Hoc|ARM.ActiveCfg = Ad-Hoc|iPhone
		{4147B6CC-81D8-4F33-AE21-433DB7DF9E87}.Ad-Hoc|ARM.Build.0 = Ad-Hoc|iPhone
		{4147B6CC-81D8-4F33-AE21-433DB7DF9E87}.Ad-Hoc|ARM.Deploy.0 = Ad-Hoc|iPhone
		{4147B6CC-81D8-4F33-AE21-433DB7DF9E87}.Ad-Hoc|iPhone.ActiveCfg = Ad-Hoc|iPhone
		{4147B6CC-81D8-4F33-AE21-433DB7DF9E87}.Ad-Hoc|iPhone.Build.0 = Ad-Hoc|iPhone
		{4147B6CC-81D8-4F33-AE21-433DB7DF9E87}.Ad-Hoc|iPhone.Deploy.0 = Ad-Hoc|iPhone
		{4147B6CC-81D8-4F33-AE21-433DB7DF9E87}.Ad-Hoc|iPhoneSimulator.ActiveCfg = Ad-Hoc|iPhoneSimulator
		{4147B6CC-81D8-4F33-AE21-433DB7DF9E87}.Ad-Hoc|iPhoneSimulator.Build.0 = Ad-Hoc|iPhoneSimulator
		{4147B6CC-81D8-4F33-AE21-433DB7DF9E87}.Ad-Hoc|iPhoneSimulator.Deploy.0 = Ad-Hoc|iPhoneSimulator
		{4147B6CC-81D8-4F33-AE21-433DB7DF9E87}.Ad-Hoc|x64.ActiveCfg = Ad-Hoc|iPhone
		{4147B6CC-81D8-4F33-AE21-433DB7DF9E87}.Ad-Hoc|x64.Build.0 = Ad-Hoc|iPhone
		{4147B6CC-81D8-4F33-AE21-433DB7DF9E87}.Ad-Hoc|x64.Deploy.0 = Ad-Hoc|iPhone
		{4147B6CC-81D8-4F33-AE21-433DB7DF9E87}.Ad-Hoc|x86.ActiveCfg = Ad-Hoc|iPhone
		{4147B6CC-81D8-4F33-AE21-433DB7DF9E87}.Ad-Hoc|x86.Build.0 = Ad-Hoc|iPhone
		{4147B6CC-81D8-4F33-AE21-433DB7DF9E87}.Ad-Hoc|x86.Deploy.0 = Ad-Hoc|iPhone
		{4147B6CC-81D8-4F33-AE21-433DB7DF9E87}.AppStore|Any CPU.ActiveCfg = AppStore|iPhone
		{4147B6CC-81D8-4F33-AE21-433DB7DF9E87}.AppStore|Any CPU.Build.0 = AppStore|iPhone
		{4147B6CC-81D8-4F33-AE21-433DB7DF9E87}.AppStore|Any CPU.Deploy.0 = AppStore|iPhone
		{4147B6CC-81D8-4F33-AE21-433DB7DF9E87}.AppStore|ARM.ActiveCfg = AppStore|iPhone
		{4147B6CC-81D8-4F33-AE21-433DB7DF9E87}.AppStore|ARM.Build.0 = AppStore|iPhone
		{4147B6CC-81D8-4F33-AE21-433DB7DF9E87}.AppStore|ARM.Deploy.0 = AppStore|iPhone
		{4147B6CC-81D8-4F33-AE21-433DB7DF9E87}.AppStore|iPhone.ActiveCfg = AppStore|iPhone
		{4147B6CC-81D8-4F33-AE21-433DB7DF9E87}.AppStore|iPhone.Build.0 = AppStore|iPhone
		{4147B6CC-81D8-4F33-AE21-433DB7DF9E87}.AppStore|iPhone.Deploy.0 = AppStore|iPhone
		{4147B6CC-81D8-4F33-AE21-433DB7DF9E87}.AppStore|iPhoneSimulator.ActiveCfg = AppStore|iPhoneSimulator
		{4147B6CC-81D8-4F33-AE21-433DB7DF9E87}.AppStore|iPhoneSimulator.Build.0 = AppStore|iPhoneSimulator
		{4147B6CC-81D8-4F33-AE21-433DB7DF9E87}.AppStore|iPhoneSimulator.Deploy.0 = AppStore|iPhoneSimulator
		{4147B6CC-81D8-4F33-AE21-433DB7DF9E87}.AppStore|x64.ActiveCfg = AppStore|iPhone
		{4147B6CC-81D8-4F33-AE21-433DB7DF9E87}.AppStore|x64.Build.0 = AppStore|iPhone
		{4147B6CC-81D8-4F33-AE21-433DB7DF9E87}.AppStore|x64.Deploy.0 = AppStore|iPhone
		{4147B6CC-81D8-4F33-AE21-433DB7DF9E87}.AppStore|x86.ActiveCfg = AppStore|iPhone
		{4147B6CC-81D8-4F33-AE21-433DB7DF9E87}.AppStore|x86.Build.0 = AppStore|iPhone
		{4147B6CC-81D8-4F33-AE21-433DB7DF9E87}.AppStore|x86.Deploy.0 = AppStore|iPhone
		{4147B6CC-81D8-4F33-AE21-433DB7DF9E87}.Debug|Any CPU.ActiveCfg = Debug|iPhoneSimulator
		{4147B6CC-81D8-4F33-AE21-433DB7DF9E87}.Debug|Any CPU.Build.0 = Debug|iPhoneSimulator
		{4147B6CC-81D8-4F33-AE21-433DB7DF9E87}.Debug|Any CPU.Deploy.0 = Debug|iPhoneSimulator
		{4147B6CC-81D8-4F33-AE21-433DB7DF9E87}.Debug|ARM.ActiveCfg = Debug|iPhone
		{4147B6CC-81D8-4F33-AE21-433DB7DF9E87}.Debug|ARM.Build.0 = Debug|iPhone
		{4147B6CC-81D8-4F33-AE21-433DB7DF9E87}.Debug|ARM.Deploy.0 = Debug|iPhone
		{4147B6CC-81D8-4F33-AE21-433DB7DF9E87}.Debug|iPhone.ActiveCfg = Debug|iPhone
		{4147B6CC-81D8-4F33-AE21-433DB7DF9E87}.Debug|iPhone.Build.0 = Debug|iPhone
		{4147B6CC-81D8-4F33-AE21-433DB7DF9E87}.Debug|iPhone.Deploy.0 = Debug|iPhone
		{4147B6CC-81D8-4F33-AE21-433DB7DF9E87}.Debug|iPhoneSimulator.ActiveCfg = Debug|iPhoneSimulator
		{4147B6CC-81D8-4F33-AE21-433DB7DF9E87}.Debug|iPhoneSimulator.Build.0 = Debug|iPhoneSimulator
		{4147B6CC-81D8-4F33-AE21-433DB7DF9E87}.Debug|iPhoneSimulator.Deploy.0 = Debug|iPhoneSimulator
		{4147B6CC-81D8-4F33-AE21-433DB7DF9E87}.Debug|x64.ActiveCfg = Debug|iPhone
		{4147B6CC-81D8-4F33-AE21-433DB7DF9E87}.Debug|x64.Build.0 = Debug|iPhone
		{4147B6CC-81D8-4F33-AE21-433DB7DF9E87}.Debug|x64.Deploy.0 = Debug|iPhone
		{4147B6CC-81D8-4F33-AE21-433DB7DF9E87}.Debug|x86.ActiveCfg = Debug|iPhone
		{4147B6CC-81D8-4F33-AE21-433DB7DF9E87}.Debug|x86.Build.0 = Debug|iPhone
		{4147B6CC-81D8-4F33-AE21-433DB7DF9E87}.Debug|x86.Deploy.0 = Debug|iPhone
		{4147B6CC-81D8-4F33-AE21-433DB7DF9E87}.Release|Any CPU.ActiveCfg = Release|iPhone
		{4147B6CC-81D8-4F33-AE21-433DB7DF9E87}.Release|Any CPU.Build.0 = Release|iPhone
		{4147B6CC-81D8-4F33-AE21-433DB7DF9E87}.Release|Any CPU.Deploy.0 = Release|iPhone
		{4147B6CC-81D8-4F33-AE21-433DB7DF9E87}.Release|ARM.ActiveCfg = Release|iPhone
		{4147B6CC-81D8-4F33-AE21-433DB7DF9E87}.Release|ARM.Build.0 = Release|iPhone
		{4147B6CC-81D8-4F33-AE21-433DB7DF9E87}.Release|ARM.Deploy.0 = Release|iPhone
		{4147B6CC-81D8-4F33-AE21-433DB7DF9E87}.Release|iPhone.ActiveCfg = Release|iPhone
		{4147B6CC-81D8-4F33-AE21-433DB7DF9E87}.Release|iPhone.Build.0 = Release|iPhone
		{4147B6CC-81D8-4F33-AE21-433DB7DF9E87}.Release|iPhone.Deploy.0 = Release|iPhone
		{4147B6CC-81D8-4F33-AE21-433DB7DF9E87}.Release|iPhoneSimulator.ActiveCfg = Release|iPhoneSimulator
		{4147B6CC-81D8-4F33-AE21-433DB7DF9E87}.Release|iPhoneSimulator.Build.0 = Release|iPhoneSimulator
		{4147B6CC-81D8-4F33-AE21-433DB7DF9E87}.Release|iPhoneSimulator.Deploy.0 = Release|iPhoneSimulator
		{4147B6CC-81D8-4F33-AE21-433DB7DF9E87}.Release|x64.ActiveCfg = Release|iPhone
		{4147B6CC-81D8-4F33-AE21-433DB7DF9E87}.Release|x64.Build.0 = Release|iPhone
		{4147B6CC-81D8-4F33-AE21-433DB7DF9E87}.Release|x64.Deploy.0 = Release|iPhone
		{4147B6CC-81D8-4F33-AE21-433DB7DF9E87}.Release|x86.ActiveCfg = Release|iPhone
		{4147B6CC-81D8-4F33-AE21-433DB7DF9E87}.Release|x86.Build.0 = Release|iPhone
		{4147B6CC-81D8-4F33-AE21-433DB7DF9E87}.Release|x86.Deploy.0 = Release|iPhone
		{0BBDC265-BEC6-45A7-BB4B-77F163068AD7}.Ad-Hoc|Any CPU.ActiveCfg = Release|x86
		{0BBDC265-BEC6-45A7-BB4B-77F163068AD7}.Ad-Hoc|Any CPU.Build.0 = Release|x86
		{0BBDC265-BEC6-45A7-BB4B-77F163068AD7}.Ad-Hoc|Any CPU.Deploy.0 = Release|x86
		{0BBDC265-BEC6-45A7-BB4B-77F163068AD7}.Ad-Hoc|ARM.ActiveCfg = Release|ARM
		{0BBDC265-BEC6-45A7-BB4B-77F163068AD7}.Ad-Hoc|ARM.Build.0 = Release|ARM
		{0BBDC265-BEC6-45A7-BB4B-77F163068AD7}.Ad-Hoc|ARM.Deploy.0 = Release|ARM
		{0BBDC265-BEC6-45A7-BB4B-77F163068AD7}.Ad-Hoc|iPhone.ActiveCfg = Release|x86
		{0BBDC265-BEC6-45A7-BB4B-77F163068AD7}.Ad-Hoc|iPhone.Build.0 = Release|x86
		{0BBDC265-BEC6-45A7-BB4B-77F163068AD7}.Ad-Hoc|iPhone.Deploy.0 = Release|x86
		{0BBDC265-BEC6-45A7-BB4B-77F163068AD7}.Ad-Hoc|iPhoneSimulator.ActiveCfg = Release|x86
		{0BBDC265-BEC6-45A7-BB4B-77F163068AD7}.Ad-Hoc|iPhoneSimulator.Build.0 = Release|x86
		{0BBDC265-BEC6-45A7-BB4B-77F163068AD7}.Ad-Hoc|iPhoneSimulator.Deploy.0 = Release|x86
		{0BBDC265-BEC6-45A7-BB4B-77F163068AD7}.Ad-Hoc|x64.ActiveCfg = Release|x64
		{0BBDC265-BEC6-45A7-BB4B-77F163068AD7}.Ad-Hoc|x64.Build.0 = Release|x64
		{0BBDC265-BEC6-45A7-BB4B-77F163068AD7}.Ad-Hoc|x64.Deploy.0 = Release|x64
		{0BBDC265-BEC6-45A7-BB4B-77F163068AD7}.Ad-Hoc|x86.ActiveCfg = Release|x86
		{0BBDC265-BEC6-45A7-BB4B-77F163068AD7}.Ad-Hoc|x86.Build.0 = Release|x86
		{0BBDC265-BEC6-45A7-BB4B-77F163068AD7}.Ad-Hoc|x86.Deploy.0 = Release|x86
		{0BBDC265-BEC6-45A7-BB4B-77F163068AD7}.AppStore|Any CPU.ActiveCfg = Release|x86
		{0BBDC265-BEC6-45A7-BB4B-77F163068AD7}.AppStore|Any CPU.Build.0 = Release|x86
		{0BBDC265-BEC6-45A7-BB4B-77F163068AD7}.AppStore|Any CPU.Deploy.0 = Release|x86
		{0BBDC265-BEC6-45A7-BB4B-77F163068AD7}.AppStore|ARM.ActiveCfg = Release|ARM
		{0BBDC265-BEC6-45A7-BB4B-77F163068AD7}.AppStore|ARM.Build.0 = Release|ARM
		{0BBDC265-BEC6-45A7-BB4B-77F163068AD7}.AppStore|ARM.Deploy.0 = Release|ARM
		{0BBDC265-BEC6-45A7-BB4B-77F163068AD7}.AppStore|iPhone.ActiveCfg = Release|x86
		{0BBDC265-BEC6-45A7-BB4B-77F163068AD7}.AppStore|iPhone.Build.0 = Release|x86
		{0BBDC265-BEC6-45A7-BB4B-77F163068AD7}.AppStore|iPhone.Deploy.0 = Release|x86
		{0BBDC265-BEC6-45A7-BB4B-77F163068AD7}.AppStore|iPhoneSimulator.ActiveCfg = Release|x86
		{0BBDC265-BEC6-45A7-BB4B-77F163068AD7}.AppStore|iPhoneSimulator.Build.0 = Release|x86
		{0BBDC265-BEC6-45A7-BB4B-77F163068AD7}.AppStore|iPhoneSimulator.Deploy.0 = Release|x86
		{0BBDC265-BEC6-45A7-BB4B-77F163068AD7}.AppStore|x64.ActiveCfg = Release|x64
		{0BBDC265-BEC6-45A7-BB4B-77F163068AD7}.AppStore|x64.Build.0 = Release|x64
		{0BBDC265-BEC6-45A7-BB4B-77F163068AD7}.AppStore|x64.Deploy.0 = Release|x64
		{0BBDC265-BEC6-45A7-BB4B-77F163068AD7}.AppStore|x86.ActiveCfg = Release|x86
		{0BBDC265-BEC6-45A7-BB4B-77F163068AD7}.AppStore|x86.Build.0 = Release|x86
		{0BBDC265-BEC6-45A7-BB4B-77F163068AD7}.AppStore|x86.Deploy.0 = Release|x86
		{0BBDC265-BEC6-45A7-BB4B-77F163068AD7}.Debug|Any CPU.ActiveCfg = Debug|x86
		{0BBDC265-BEC6-45A7-BB4B-77F163068AD7}.Debug|Any CPU.Build.0 = Debug|x86
		{0BBDC265-BEC6-45A7-BB4B-77F163068AD7}.Debug|Any CPU.Deploy.0 = Debug|x86
		{0BBDC265-BEC6-45A7-BB4B-77F163068AD7}.Debug|ARM.ActiveCfg = Debug|ARM
		{0BBDC265-BEC6-45A7-BB4B-77F163068AD7}.Debug|ARM.Build.0 = Debug|ARM
		{0BBDC265-BEC6-45A7-BB4B-77F163068AD7}.Debug|ARM.Deploy.0 = Debug|ARM
		{0BBDC265-BEC6-45A7-BB4B-77F163068AD7}.Debug|iPhone.ActiveCfg = Debug|x86
		{0BBDC265-BEC6-45A7-BB4B-77F163068AD7}.Debug|iPhone.Build.0 = Debug|x86
		{0BBDC265-BEC6-45A7-BB4B-77F163068AD7}.Debug|iPhone.Deploy.0 = Debug|x86
		{0BBDC265-BEC6-45A7-BB4B-77F163068AD7}.Debug|iPhoneSimulator.ActiveCfg = Debug|x86
		{0BBDC265-BEC6-45A7-BB4B-77F163068AD7}.Debug|iPhoneSimulator.Build.0 = Debug|x86
		{0BBDC265-BEC6-45A7-BB4B-77F163068AD7}.Debug|iPhoneSimulator.Deploy.0 = Debug|x86
		{0BBDC265-BEC6-45A7-BB4B-77F163068AD7}.Debug|x64.ActiveCfg = Debug|x64
		{0BBDC265-BEC6-45A7-BB4B-77F163068AD7}.Debug|x64.Build.0 = Debug|x64
		{0BBDC265-BEC6-45A7-BB4B-77F163068AD7}.Debug|x64.Deploy.0 = Debug|x64
		{0BBDC265-BEC6-45A7-BB4B-77F163068AD7}.Debug|x86.ActiveCfg = Debug|x86
		{0BBDC265-BEC6-45A7-BB4B-77F163068AD7}.Debug|x86.Build.0 = Debug|x86
		{0BBDC265-BEC6-45A7-BB4B-77F163068AD7}.Debug|x86.Deploy.0 = Debug|x86
		{0BBDC265-BEC6-45A7-BB4B-77F163068AD7}.Release|Any CPU.ActiveCfg = Release|x86
		{0BBDC265-BEC6-45A7-BB4B-77F163068AD7}.Release|Any CPU.Build.0 = Release|x86
		{0BBDC265-BEC6-45A7-BB4B-77F163068AD7}.Release|Any CPU.Deploy.0 = Release|x86
		{0BBDC265-BEC6-45A7-BB4B-77F163068AD7}.Release|ARM.ActiveCfg = Release|ARM
		{0BBDC265-BEC6-45A7-BB4B-77F163068AD7}.Release|ARM.Build.0 = Release|ARM
		{0BBDC265-BEC6-45A7-BB4B-77F163068AD7}.Release|ARM.Deploy.0 = Release|ARM
		{0BBDC265-BEC6-45A7-BB4B-77F163068AD7}.Release|iPhone.ActiveCfg = Release|x86
		{0BBDC265-BEC6-45A7-BB4B-77F163068AD7}.Release|iPhone.Build.0 = Release|x86
		{0BBDC265-BEC6-45A7-BB4B-77F163068AD7}.Release|iPhone.Deploy.0 = Release|x86
		{0BBDC265-BEC6-45A7-BB4B-77F163068AD7}.Release|iPhoneSimulator.ActiveCfg = Release|x86
		{0BBDC265-BEC6-45A7-BB4B-77F163068AD7}.Release|iPhoneSimulator.Build.0 = Release|x86
		{0BBDC265-BEC6-45A7-BB4B-77F163068AD7}.Release|iPhoneSimulator.Deploy.0 = Release|x86
		{0BBDC265-BEC6-45A7-BB4B-77F163068AD7}.Release|x64.ActiveCfg = Release|x64
		{0BBDC265-BEC6-45A7-BB4B-77F163068AD7}.Release|x64.Build.0 = Release|x64
		{0BBDC265-BEC6-45A7-BB4B-77F163068AD7}.Release|x64.Deploy.0 = Release|x64
		{0BBDC265-BEC6-45A7-BB4B-77F163068AD7}.Release|x86.ActiveCfg = Release|x86
		{0BBDC265-BEC6-45A7-BB4B-77F163068AD7}.Release|x86.Build.0 = Release|x86
		{0BBDC265-BEC6-45A7-BB4B-77F163068AD7}.Release|x86.Deploy.0 = Release|x86
		{EF554D72-6B0E-4849-92FA-EDB9580EFCAF}.Ad-Hoc|Any CPU.ActiveCfg = Debug|Any CPU
		{EF554D72-6B0E-4849-92FA-EDB9580EFCAF}.Ad-Hoc|Any CPU.Build.0 = Debug|Any CPU
		{EF554D72-6B0E-4849-92FA-EDB9580EFCAF}.Ad-Hoc|Any CPU.Deploy.0 = Debug|Any CPU
		{EF554D72-6B0E-4849-92FA-EDB9580EFCAF}.Ad-Hoc|ARM.ActiveCfg = Debug|Any CPU
		{EF554D72-6B0E-4849-92FA-EDB9580EFCAF}.Ad-Hoc|ARM.Build.0 = Debug|Any CPU
		{EF554D72-6B0E-4849-92FA-EDB9580EFCAF}.Ad-Hoc|ARM.Deploy.0 = Debug|Any CPU
		{EF554D72-6B0E-4849-92FA-EDB9580EFCAF}.Ad-Hoc|iPhone.ActiveCfg = Debug|Any CPU
		{EF554D72-6B0E-4849-92FA-EDB9580EFCAF}.Ad-Hoc|iPhone.Build.0 = Debug|Any CPU
		{EF554D72-6B0E-4849-92FA-EDB9580EFCAF}.Ad-Hoc|iPhone.Deploy.0 = Debug|Any CPU
		{EF554D72-6B0E-4849-92FA-EDB9580EFCAF}.Ad-Hoc|iPhoneSimulator.ActiveCfg = Debug|Any CPU
		{EF554D72-6B0E-4849-92FA-EDB9580EFCAF}.Ad-Hoc|iPhoneSimulator.Build.0 = Debug|Any CPU
		{EF554D72-6B0E-4849-92FA-EDB9580EFCAF}.Ad-Hoc|iPhoneSimulator.Deploy.0 = Debug|Any CPU
		{EF554D72-6B0E-4849-92FA-EDB9580EFCAF}.Ad-Hoc|x64.ActiveCfg = Debug|Any CPU
		{EF554D72-6B0E-4849-92FA-EDB9580EFCAF}.Ad-Hoc|x64.Build.0 = Debug|Any CPU
		{EF554D72-6B0E-4849-92FA-EDB9580EFCAF}.Ad-Hoc|x64.Deploy.0 = Debug|Any CPU
		{EF554D72-6B0E-4849-92FA-EDB9580EFCAF}.Ad-Hoc|x86.ActiveCfg = Debug|Any CPU
		{EF554D72-6B0E-4849-92FA-EDB9580EFCAF}.Ad-Hoc|x86.Build.0 = Debug|Any CPU
		{EF554D72-6B0E-4849-92FA-EDB9580EFCAF}.Ad-Hoc|x86.Deploy.0 = Debug|Any CPU
		{EF554D72-6B0E-4849-92FA-EDB9580EFCAF}.AppStore|Any CPU.ActiveCfg = Debug|Any CPU
		{EF554D72-6B0E-4849-92FA-EDB9580EFCAF}.AppStore|Any CPU.Build.0 = Debug|Any CPU
		{EF554D72-6B0E-4849-92FA-EDB9580EFCAF}.AppStore|Any CPU.Deploy.0 = Debug|Any CPU
		{EF554D72-6B0E-4849-92FA-EDB9580EFCAF}.AppStore|ARM.ActiveCfg = Debug|Any CPU
		{EF554D72-6B0E-4849-92FA-EDB9580EFCAF}.AppStore|ARM.Build.0 = Debug|Any CPU
		{EF554D72-6B0E-4849-92FA-EDB9580EFCAF}.AppStore|ARM.Deploy.0 = Debug|Any CPU
		{EF554D72-6B0E-4849-92FA-EDB9580EFCAF}.AppStore|iPhone.ActiveCfg = Debug|Any CPU
		{EF554D72-6B0E-4849-92FA-EDB9580EFCAF}.AppStore|iPhone.Build.0 = Debug|Any CPU
		{EF554D72-6B0E-4849-92FA-EDB9580EFCAF}.AppStore|iPhone.Deploy.0 = Debug|Any CPU
		{EF554D72-6B0E-4849-92FA-EDB9580EFCAF}.AppStore|iPhoneSimulator.ActiveCfg = Debug|Any CPU
		{EF554D72-6B0E-4849-92FA-EDB9580EFCAF}.AppStore|iPhoneSimulator.Build.0 = Debug|Any CPU
		{EF554D72-6B0E-4849-92FA-EDB9580EFCAF}.AppStore|iPhoneSimulator.Deploy.0 = Debug|Any CPU
		{EF554D72-6B0E-4849-92FA-EDB9580EFCAF}.AppStore|x64.ActiveCfg = Debug|Any CPU
		{EF554D72-6B0E-4849-92FA-EDB9580EFCAF}.AppStore|x64.Build.0 = Debug|Any CPU
		{EF554D72-6B0E-4849-92FA-EDB9580EFCAF}.AppStore|x64.Deploy.0 = Debug|Any CPU
		{EF554D72-6B0E-4849-92FA-EDB9580EFCAF}.AppStore|x86.ActiveCfg = Debug|Any CPU
		{EF554D72-6B0E-4849-92FA-EDB9580EFCAF}.AppStore|x86.Build.0 = Debug|Any CPU
		{EF554D72-6B0E-4849-92FA-EDB9580EFCAF}.AppStore|x86.Deploy.0 = Debug|Any CPU
		{EF554D72-6B0E-4849-92FA-EDB9580EFCAF}.Debug|Any CPU.ActiveCfg = Debug|Any CPU
		{EF554D72-6B0E-4849-92FA-EDB9580EFCAF}.Debug|Any CPU.Build.0 = Debug|Any CPU
		{EF554D72-6B0E-4849-92FA-EDB9580EFCAF}.Debug|Any CPU.Deploy.0 = Debug|Any CPU
		{EF554D72-6B0E-4849-92FA-EDB9580EFCAF}.Debug|ARM.ActiveCfg = Debug|Any CPU
		{EF554D72-6B0E-4849-92FA-EDB9580EFCAF}.Debug|ARM.Build.0 = Debug|Any CPU
		{EF554D72-6B0E-4849-92FA-EDB9580EFCAF}.Debug|ARM.Deploy.0 = Debug|Any CPU
		{EF554D72-6B0E-4849-92FA-EDB9580EFCAF}.Debug|iPhone.ActiveCfg = Debug|Any CPU
		{EF554D72-6B0E-4849-92FA-EDB9580EFCAF}.Debug|iPhone.Build.0 = Debug|Any CPU
		{EF554D72-6B0E-4849-92FA-EDB9580EFCAF}.Debug|iPhone.Deploy.0 = Debug|Any CPU
		{EF554D72-6B0E-4849-92FA-EDB9580EFCAF}.Debug|iPhoneSimulator.ActiveCfg = Debug|Any CPU
		{EF554D72-6B0E-4849-92FA-EDB9580EFCAF}.Debug|iPhoneSimulator.Build.0 = Debug|Any CPU
		{EF554D72-6B0E-4849-92FA-EDB9580EFCAF}.Debug|iPhoneSimulator.Deploy.0 = Debug|Any CPU
		{EF554D72-6B0E-4849-92FA-EDB9580EFCAF}.Debug|x64.ActiveCfg = Debug|Any CPU
		{EF554D72-6B0E-4849-92FA-EDB9580EFCAF}.Debug|x64.Build.0 = Debug|Any CPU
		{EF554D72-6B0E-4849-92FA-EDB9580EFCAF}.Debug|x64.Deploy.0 = Debug|Any CPU
		{EF554D72-6B0E-4849-92FA-EDB9580EFCAF}.Debug|x86.ActiveCfg = Debug|Any CPU
		{EF554D72-6B0E-4849-92FA-EDB9580EFCAF}.Debug|x86.Build.0 = Debug|Any CPU
		{EF554D72-6B0E-4849-92FA-EDB9580EFCAF}.Debug|x86.Deploy.0 = Debug|Any CPU
		{EF554D72-6B0E-4849-92FA-EDB9580EFCAF}.Release|Any CPU.ActiveCfg = Release|Any CPU
		{EF554D72-6B0E-4849-92FA-EDB9580EFCAF}.Release|Any CPU.Build.0 = Release|Any CPU
		{EF554D72-6B0E-4849-92FA-EDB9580EFCAF}.Release|Any CPU.Deploy.0 = Release|Any CPU
		{EF554D72-6B0E-4849-92FA-EDB9580EFCAF}.Release|ARM.ActiveCfg = Release|Any CPU
		{EF554D72-6B0E-4849-92FA-EDB9580EFCAF}.Release|ARM.Build.0 = Release|Any CPU
		{EF554D72-6B0E-4849-92FA-EDB9580EFCAF}.Release|ARM.Deploy.0 = Release|Any CPU
		{EF554D72-6B0E-4849-92FA-EDB9580EFCAF}.Release|iPhone.ActiveCfg = Release|Any CPU
		{EF554D72-6B0E-4849-92FA-EDB9580EFCAF}.Release|iPhone.Build.0 = Release|Any CPU
		{EF554D72-6B0E-4849-92FA-EDB9580EFCAF}.Release|iPhone.Deploy.0 = Release|Any CPU
		{EF554D72-6B0E-4849-92FA-EDB9580EFCAF}.Release|iPhoneSimulator.ActiveCfg = Release|Any CPU
		{EF554D72-6B0E-4849-92FA-EDB9580EFCAF}.Release|iPhoneSimulator.Build.0 = Release|Any CPU
		{EF554D72-6B0E-4849-92FA-EDB9580EFCAF}.Release|iPhoneSimulator.Deploy.0 = Release|Any CPU
		{EF554D72-6B0E-4849-92FA-EDB9580EFCAF}.Release|x64.ActiveCfg = Release|Any CPU
		{EF554D72-6B0E-4849-92FA-EDB9580EFCAF}.Release|x64.Build.0 = Release|Any CPU
		{EF554D72-6B0E-4849-92FA-EDB9580EFCAF}.Release|x64.Deploy.0 = Release|Any CPU
		{EF554D72-6B0E-4849-92FA-EDB9580EFCAF}.Release|x86.ActiveCfg = Release|Any CPU
		{EF554D72-6B0E-4849-92FA-EDB9580EFCAF}.Release|x86.Build.0 = Release|Any CPU
		{EF554D72-6B0E-4849-92FA-EDB9580EFCAF}.Release|x86.Deploy.0 = Release|Any CPU
	EndGlobalSection
	GlobalSection(SolutionProperties) = preSolution
		HideSolutionNode = FALSE
	EndGlobalSection
	GlobalSection(ExtensibilityGlobals) = postSolution
		SolutionGuid = {D2FEE2D1-2072-40A6-A59F-DEE686A562FB}
	EndGlobalSection
EndGlobal
